
Microsoft Visual Studio Solution File, Format Version 12.00
# Visual Studio Version 17
VisualStudioVersion = 17.13.35913.81
MinimumVisualStudioVersion = 10.0.40219.1
Project("{FAE04EC0-301F-11D3-BF4B-00C04F79EFBC}") = "LeaveManagementSystem.Web", "LeaveManagementSystem.Web\LeaveManagementSystem.Web.csproj", "{82C2765E-5B18-4769-BEE8-2F33D298710E}"
EndProject
Project("{FAE04EC0-301F-11D3-BF4B-00C04F79EFBC}") = "LeaveManagementSystem.Common", "LeaveManagementSystem.Common\LeaveManagementSystem.Common.csproj", "{004FE239-B423-496F-9142-6F868D5BC3FC}"
EndProject
Project("{FAE04EC0-301F-11D3-BF4B-00C04F79EFBC}") = "LeaveManagementSystem.Data", "LeaveManagementSystem.Data\LeaveManagementSystem.Data.csproj", "{518C6383-05E4-480B-86B6-A220F29CCFA3}"
EndProject
Project("{FAE04EC0-301F-11D3-BF4B-00C04F79EFBC}") = "LeaveManagementSystem.Application", "LeaveManagementSystem.Application\LeaveManagementSystem.Application.csproj", "{12182D38-7A87-46F6-B4C6-5E9B70A494A3}"
EndProject
Global
	GlobalSection(SolutionConfigurationPlatforms) = preSolution
		Debug|Any CPU = Debug|Any CPU
		Release|Any CPU = Release|Any CPU
	EndGlobalSection
	GlobalSection(ProjectConfigurationPlatforms) = postSolution
		{82C2765E-5B18-4769-BEE8-2F33D298710E}.Debug|Any CPU.ActiveCfg = Debug|Any CPU
		{82C2765E-5B18-4769-BEE8-2F33D298710E}.Debug|Any CPU.Build.0 = Debug|Any CPU
		{82C2765E-5B18-4769-BEE8-2F33D298710E}.Release|Any CPU.ActiveCfg = Release|Any CPU
		{82C2765E-5B18-4769-BEE8-2F33D298710E}.Release|Any CPU.Build.0 = Release|Any CPU
		{004FE239-B423-496F-9142-6F868D5BC3FC}.Debug|Any CPU.ActiveCfg = Debug|Any CPU
		{004FE239-B423-496F-9142-6F868D5BC3FC}.Debug|Any CPU.Build.0 = Debug|Any CPU
		{004FE239-B423-496F-9142-6F868D5BC3FC}.Release|Any CPU.ActiveCfg = Release|Any CPU
		{004FE239-B423-496F-9142-6F868D5BC3FC}.Release|Any CPU.Build.0 = Release|Any CPU
		{518C6383-05E4-480B-86B6-A220F29CCFA3}.Debug|Any CPU.ActiveCfg = Debug|Any CPU
		{518C6383-05E4-480B-86B6-A220F29CCFA3}.Debug|Any CPU.Build.0 = Debug|Any CPU
		{518C6383-05E4-480B-86B6-A220F29CCFA3}.Release|Any CPU.ActiveCfg = Release|Any CPU
		{518C6383-05E4-480B-86B6-A220F29CCFA3}.Release|Any CPU.Build.0 = Release|Any CPU
		{12182D38-7A87-46F6-B4C6-5E9B70A494A3}.Debug|Any CPU.ActiveCfg = Debug|Any CPU
		{12182D38-7A87-46F6-B4C6-5E9B70A494A3}.Debug|Any CPU.Build.0 = Debug|Any CPU
		{12182D38-7A87-46F6-B4C6-5E9B70A494A3}.Release|Any CPU.ActiveCfg = Release|Any CPU
		{12182D38-7A87-46F6-B4C6-5E9B70A494A3}.Release|Any CPU.Build.0 = Release|Any CPU
	EndGlobalSection
	GlobalSection(SolutionProperties) = preSolution
		HideSolutionNode = FALSE
	EndGlobalSection
	GlobalSection(ExtensibilityGlobals) = postSolution
		SolutionGuid = {3999010E-2B9D-41B9-B1A5-9535001E3CAF}
	EndGlobalSection
EndGlobal
